
Microsoft Visual Studio Solution File, Format Version 12.00
# Visual Studio Version 17
VisualStudioVersion = 17.9.34728.123
MinimumVisualStudioVersion = 10.0.40219.1
Project("{FAE04EC0-301F-11D3-BF4B-00C04F79EFBC}") = "Lab 2", "Lab 2\Lab 2.csproj", "{E62F8780-30DF-4F30-A040-2B2EDCE916B8}"
EndProject
Project("{FAE04EC0-301F-11D3-BF4B-00C04F79EFBC}") = "PageObject", "PageObject\PageObject.csproj", "{3EF20E76-C0E7-4188-B515-89DDCE72C2C5}"
EndProject
Global
	GlobalSection(SolutionConfigurationPlatforms) = preSolution
		Debug|Any CPU = Debug|Any CPU
		Release|Any CPU = Release|Any CPU
	EndGlobalSection
	GlobalSection(ProjectConfigurationPlatforms) = postSolution
		{E62F8780-30DF-4F30-A040-2B2EDCE916B8}.Debug|Any CPU.ActiveCfg = Debug|Any CPU
		{E62F8780-30DF-4F30-A040-2B2EDCE916B8}.Debug|Any CPU.Build.0 = Debug|Any CPU
		{E62F8780-30DF-4F30-A040-2B2EDCE916B8}.Release|Any CPU.ActiveCfg = Release|Any CPU
		{E62F8780-30DF-4F30-A040-2B2EDCE916B8}.Release|Any CPU.Build.0 = Release|Any CPU
		{3EF20E76-C0E7-4188-B515-89DDCE72C2C5}.Debug|Any CPU.ActiveCfg = Debug|Any CPU
		{3EF20E76-C0E7-4188-B515-89DDCE72C2C5}.Debug|Any CPU.Build.0 = Debug|Any CPU
		{3EF20E76-C0E7-4188-B515-89DDCE72C2C5}.Release|Any CPU.ActiveCfg = Release|Any CPU
		{3EF20E76-C0E7-4188-B515-89DDCE72C2C5}.Release|Any CPU.Build.0 = Release|Any CPU
	EndGlobalSection
	GlobalSection(SolutionProperties) = preSolution
		HideSolutionNode = FALSE
	EndGlobalSection
	GlobalSection(ExtensibilityGlobals) = postSolution
		SolutionGuid = {799C656B-A01D-4177-9D79-A26F1C809000}
	EndGlobalSection
EndGlobal
